
Microsoft Visual Studio Solution File, Format Version 12.00
# Visual Studio Version 16
VisualStudioVersion = 16.0.29926.136
MinimumVisualStudioVersion = 10.0.40219.1
Project("{FAE04EC0-301F-11D3-BF4B-00C04F79EFBC}") = "Exemplo1", "Exemplo1\Exemplo1.csproj", "{CDFFDFE0-C4F5-40B5-BDAC-ACB38E5A9D83}"
EndProject
Project("{FAE04EC0-301F-11D3-BF4B-00C04F79EFBC}") = "Exemplo2", "Exemplo2\Exemplo2.csproj", "{D1FBF33D-BA18-4EF1-ADD9-407C9211770C}"
EndProject
Global
	GlobalSection(SolutionConfigurationPlatforms) = preSolution
		Debug|Any CPU = Debug|Any CPU
		Release|Any CPU = Release|Any CPU
	EndGlobalSection
	GlobalSection(ProjectConfigurationPlatforms) = postSolution
		{CDFFDFE0-C4F5-40B5-BDAC-ACB38E5A9D83}.Debug|Any CPU.ActiveCfg = Debug|Any CPU
		{CDFFDFE0-C4F5-40B5-BDAC-ACB38E5A9D83}.Debug|Any CPU.Build.0 = Debug|Any CPU
		{CDFFDFE0-C4F5-40B5-BDAC-ACB38E5A9D83}.Release|Any CPU.ActiveCfg = Release|Any CPU
		{CDFFDFE0-C4F5-40B5-BDAC-ACB38E5A9D83}.Release|Any CPU.Build.0 = Release|Any CPU
		{D1FBF33D-BA18-4EF1-ADD9-407C9211770C}.Debug|Any CPU.ActiveCfg = Debug|Any CPU
		{D1FBF33D-BA18-4EF1-ADD9-407C9211770C}.Debug|Any CPU.Build.0 = Debug|Any CPU
		{D1FBF33D-BA18-4EF1-ADD9-407C9211770C}.Release|Any CPU.ActiveCfg = Release|Any CPU
		{D1FBF33D-BA18-4EF1-ADD9-407C9211770C}.Release|Any CPU.Build.0 = Release|Any CPU
	EndGlobalSection
	GlobalSection(SolutionProperties) = preSolution
		HideSolutionNode = FALSE
	EndGlobalSection
	GlobalSection(ExtensibilityGlobals) = postSolution
		SolutionGuid = {8F4AEDC4-988E-45FC-875C-AFA62BBF1C44}
	EndGlobalSection
EndGlobal
