
Microsoft Visual Studio Solution File, Format Version 12.00
# Visual Studio Version 16
VisualStudioVersion = 16.0.29806.167
MinimumVisualStudioVersion = 10.0.40219.1
Project("{FAE04EC0-301F-11D3-BF4B-00C04F79EFBC}") = "Exemplo1", "Exemplo1\Exemplo1.csproj", "{4B577E88-2A91-4149-BB88-F8627505C24F}"
EndProject
Project("{FAE04EC0-301F-11D3-BF4B-00C04F79EFBC}") = "Exemplo2", "Exemplo2\Exemplo2.csproj", "{22A49E25-1A3C-4D54-B6EA-D0F185475B0F}"
EndProject
Project("{FAE04EC0-301F-11D3-BF4B-00C04F79EFBC}") = "Exemplo3", "Exercicio3\Exemplo3.csproj", "{8DB125DB-C0FC-4022-AF05-0FE48B3564C5}"
EndProject
Project("{FAE04EC0-301F-11D3-BF4B-00C04F79EFBC}") = "Exemplo4", "Exemplo4\Exemplo4.csproj", "{DFD9AD7A-EBCC-4269-B306-C0AB44D3C1D7}"
EndProject
Global
	GlobalSection(SolutionConfigurationPlatforms) = preSolution
		Debug|Any CPU = Debug|Any CPU
		Release|Any CPU = Release|Any CPU
	EndGlobalSection
	GlobalSection(ProjectConfigurationPlatforms) = postSolution
		{4B577E88-2A91-4149-BB88-F8627505C24F}.Debug|Any CPU.ActiveCfg = Debug|Any CPU
		{4B577E88-2A91-4149-BB88-F8627505C24F}.Debug|Any CPU.Build.0 = Debug|Any CPU
		{4B577E88-2A91-4149-BB88-F8627505C24F}.Release|Any CPU.ActiveCfg = Release|Any CPU
		{4B577E88-2A91-4149-BB88-F8627505C24F}.Release|Any CPU.Build.0 = Release|Any CPU
		{22A49E25-1A3C-4D54-B6EA-D0F185475B0F}.Debug|Any CPU.ActiveCfg = Debug|Any CPU
		{22A49E25-1A3C-4D54-B6EA-D0F185475B0F}.Debug|Any CPU.Build.0 = Debug|Any CPU
		{22A49E25-1A3C-4D54-B6EA-D0F185475B0F}.Release|Any CPU.ActiveCfg = Release|Any CPU
		{22A49E25-1A3C-4D54-B6EA-D0F185475B0F}.Release|Any CPU.Build.0 = Release|Any CPU
		{8DB125DB-C0FC-4022-AF05-0FE48B3564C5}.Debug|Any CPU.ActiveCfg = Debug|Any CPU
		{8DB125DB-C0FC-4022-AF05-0FE48B3564C5}.Debug|Any CPU.Build.0 = Debug|Any CPU
		{8DB125DB-C0FC-4022-AF05-0FE48B3564C5}.Release|Any CPU.ActiveCfg = Release|Any CPU
		{8DB125DB-C0FC-4022-AF05-0FE48B3564C5}.Release|Any CPU.Build.0 = Release|Any CPU
		{DFD9AD7A-EBCC-4269-B306-C0AB44D3C1D7}.Debug|Any CPU.ActiveCfg = Debug|Any CPU
		{DFD9AD7A-EBCC-4269-B306-C0AB44D3C1D7}.Debug|Any CPU.Build.0 = Debug|Any CPU
		{DFD9AD7A-EBCC-4269-B306-C0AB44D3C1D7}.Release|Any CPU.ActiveCfg = Release|Any CPU
		{DFD9AD7A-EBCC-4269-B306-C0AB44D3C1D7}.Release|Any CPU.Build.0 = Release|Any CPU
	EndGlobalSection
	GlobalSection(SolutionProperties) = preSolution
		HideSolutionNode = FALSE
	EndGlobalSection
	GlobalSection(ExtensibilityGlobals) = postSolution
		SolutionGuid = {3CBB3946-E719-465A-8DD9-EE3C1C863515}
	EndGlobalSection
EndGlobal
