
Microsoft Visual Studio Solution File, Format Version 12.00
# Visual Studio Version 16
VisualStudioVersion = 16.0.29806.167
MinimumVisualStudioVersion = 10.0.40219.1
Project("{FAE04EC0-301F-11D3-BF4B-00C04F79EFBC}") = "Trabalho", "Trabalho\Trabalho.csproj", "{9E3C7F16-2717-489F-8170-0BAF080629FE}"
EndProject
Global
	GlobalSection(SolutionConfigurationPlatforms) = preSolution
		Debug|Any CPU = Debug|Any CPU
		Release|Any CPU = Release|Any CPU
	EndGlobalSection
	GlobalSection(ProjectConfigurationPlatforms) = postSolution
		{9E3C7F16-2717-489F-8170-0BAF080629FE}.Debug|Any CPU.ActiveCfg = Debug|Any CPU
		{9E3C7F16-2717-489F-8170-0BAF080629FE}.Debug|Any CPU.Build.0 = Debug|Any CPU
		{9E3C7F16-2717-489F-8170-0BAF080629FE}.Release|Any CPU.ActiveCfg = Release|Any CPU
		{9E3C7F16-2717-489F-8170-0BAF080629FE}.Release|Any CPU.Build.0 = Release|Any CPU
	EndGlobalSection
	GlobalSection(SolutionProperties) = preSolution
		HideSolutionNode = FALSE
	EndGlobalSection
	GlobalSection(ExtensibilityGlobals) = postSolution
		SolutionGuid = {56950565-4C9C-45F2-B763-2140302E7719}
	EndGlobalSection
EndGlobal
